
Microsoft Visual Studio Solution File, Format Version 12.00
# Visual Studio Version 17
VisualStudioVersion = 17.4.33403.182
MinimumVisualStudioVersion = 10.0.40219.1
Project("{8BC9CEB8-8B4A-11D0-8D11-00A0C91BC942}") = "Saeed", "Saeed.vcxproj", "{66204BE6-D3A3-42ED-8B6D-38B6D9BF9FDA}"
EndProject
Global
	GlobalSection(SolutionConfigurationPlatforms) = preSolution
		Debug|x64 = Debug|x64
		Debug|x86 = Debug|x86
		Release|x64 = Release|x64
		Release|x86 = Release|x86
	EndGlobalSection
	GlobalSection(ProjectConfigurationPlatforms) = postSolution
		{66204BE6-D3A3-42ED-8B6D-38B6D9BF9FDA}.Debug|x64.ActiveCfg = Debug|x64
		{66204BE6-D3A3-42ED-8B6D-38B6D9BF9FDA}.Debug|x64.Build.0 = Debug|x64
		{66204BE6-D3A3-42ED-8B6D-38B6D9BF9FDA}.Debug|x86.ActiveCfg = Debug|Win32
		{66204BE6-D3A3-42ED-8B6D-38B6D9BF9FDA}.Debug|x86.Build.0 = Debug|Win32
		{66204BE6-D3A3-42ED-8B6D-38B6D9BF9FDA}.Release|x64.ActiveCfg = Release|x64
		{66204BE6-D3A3-42ED-8B6D-38B6D9BF9FDA}.Release|x64.Build.0 = Release|x64
		{66204BE6-D3A3-42ED-8B6D-38B6D9BF9FDA}.Release|x86.ActiveCfg = Release|Win32
		{66204BE6-D3A3-42ED-8B6D-38B6D9BF9FDA}.Release|x86.Build.0 = Release|Win32
	EndGlobalSection
	GlobalSection(SolutionProperties) = preSolution
		HideSolutionNode = FALSE
	EndGlobalSection
	GlobalSection(ExtensibilityGlobals) = postSolution
		SolutionGuid = {A674F130-C4FE-4A24-A484-598AC7D01366}
	EndGlobalSection
EndGlobal
